
Microsoft Visual Studio Solution File, Format Version 12.00
# Visual Studio 15
VisualStudioVersion = 15.0.28010.2019
MinimumVisualStudioVersion = 10.0.40219.1
Project("{FAE04EC0-301F-11D3-BF4B-00C04F79EFBC}") = "WpfApp1", "WpfApp1\WpfApp1.csproj", "{7C65F681-9105-45EA-9DCB-619C8B1BC3EA}"
EndProject
Global
	GlobalSection(SolutionConfigurationPlatforms) = preSolution
		Debug|Any CPU = Debug|Any CPU
		Release|Any CPU = Release|Any CPU
	EndGlobalSection
	GlobalSection(ProjectConfigurationPlatforms) = postSolution
		{7C65F681-9105-45EA-9DCB-619C8B1BC3EA}.Debug|Any CPU.ActiveCfg = Debug|Any CPU
		{7C65F681-9105-45EA-9DCB-619C8B1BC3EA}.Debug|Any CPU.Build.0 = Debug|Any CPU
		{7C65F681-9105-45EA-9DCB-619C8B1BC3EA}.Release|Any CPU.ActiveCfg = Release|Any CPU
		{7C65F681-9105-45EA-9DCB-619C8B1BC3EA}.Release|Any CPU.Build.0 = Release|Any CPU
	EndGlobalSection
	GlobalSection(SolutionProperties) = preSolution
		HideSolutionNode = FALSE
	EndGlobalSection
	GlobalSection(ExtensibilityGlobals) = postSolution
		SolutionGuid = {CFB5CBD0-19AB-46A8-9C24-000259BC49F0}
	EndGlobalSection
EndGlobal
